// !$*UTF8*$!
{
	archiveVersion = 1;
	classes = {
	};
	objectVersion = 46;
	objects = {

/* Begin PBXBuildFile section */
		819B5C4C170DEC980079B713 /* main.cpp in Sources */ = {isa = PBXBuildFile; fileRef = 819B5C4B170DEC980079B713 /* main.cpp */; };
		819B5C4E170DEC980079B713 /* tictactoe.1 in CopyFiles */ = {isa = PBXBuildFile; fileRef = 819B5C4D170DEC980079B713 /* tictactoe.1 */; };
/* End PBXBuildFile section */

/* Begin PBXCopyFilesBuildPhase section */
		819B5C46170DEC980079B713 /* CopyFiles */ = {
			isa = PBXCopyFilesBuildPhase;
			buildActionMask = 2147483647;
			dstPath = /usr/share/man/man1/;
			dstSubfolderSpec = 0;
			files = (
				819B5C4E170DEC980079B713 /* tictactoe.1 in CopyFiles */,
			);
			runOnlyForDeploymentPostprocessing = 1;
		};
/* End PBXCopyFilesBuildPhase section */

/* Begin PBXFileReference section */
		819B5C48170DEC980079B713 /* tictactoe */ = {isa = PBXFileReference; explicitFileType = "compiled.mach-o.executable"; includeInIndex = 0; path = tictactoe; sourceTree = BUILT_PRODUCTS_DIR; };
		819B5C4B170DEC980079B713 /* main.cpp */ = {isa = PBXFileReference; lastKnownFileType = sourcecode.cpp.cpp; path = main.cpp; sourceTree = "<group>"; };
		819B5C4D170DEC980079B713 /* tictactoe.1 */ = {isa = PBXFileReference; lastKnownFileType = text.man; path = tictactoe.1; sourceTree = "<group>"; };
/* End PBXFileReference section */

/* Begin PBXFrameworksBuildPhase section */
		819B5C45170DEC980079B713 /* Frameworks */ = {
			isa = PBXFrameworksBuildPhase;
			buildActionMask = 2147483647;
			files = (
			);
			runOnlyForDeploymentPostprocessing = 0;
		};
/* End PBXFrameworksBuildPhase section */

/* Begin PBXGroup section */
		819B5C3F170DEC980079B713 = {
			isa = PBXGroup;
			children = (
				819B5C4A170DEC980079B713 /* tictactoe */,
				819B5C49170DEC980079B713 /* Products */,
			);
			sourceTree = "<group>";
		};
		819B5C49170DEC980079B713 /* Products */ = {
			isa = PBXGroup;
			children = (
				819B5C48170DEC980079B713 /* tictactoe */,
			);
			name = Products;
			sourceTree = "<group>";
		};
		819B5C4A170DEC980079B713 /* tictactoe */ = {
			isa = PBXGroup;
			children = (
				819B5C4B170DEC980079B713 /* main.cpp */,
				819B5C4D170DEC980079B713 /* tictactoe.1 */,
			);
			path = tictactoe;
			sourceTree = "<group>";
		};
/* End PBXGroup section */

/* Begin PBXNativeTarget section */
		819B5C47170DEC980079B713 /* tictactoe */ = {
			isa = PBXNativeTarget;
			buildConfigurationList = 819B5C51170DEC980079B713 /* Build configuration list for PBXNativeTarget "tictactoe" */;
			buildPhases = (
				819B5C44170DEC980079B713 /* Sources */,
				819B5C45170DEC980079B713 /* Frameworks */,
				819B5C46170DEC980079B713 /* CopyFiles */,
			);
			buildRules = (
			);
			dependencies = (
			);
			name = tictactoe;
			productName = tictactoe;
			productReference = 819B5C48170DEC980079B713 /* tictactoe */;
			productType = "com.apple.product-type.tool";
		};
/* End PBXNativeTarget section */

/* Begin PBXProject section */
		819B5C40170DEC980079B713 /* Project object */ = {
			isa = PBXProject;
			attributes = {
				LastUpgradeCheck = 0460;
				ORGANIZATIONNAME = "Jeet Mehta";
			};
			buildConfigurationList = 819B5C43170DEC980079B713 /* Build configuration list for PBXProject "tictactoe" */;
			compatibilityVersion = "Xcode 3.2";
			developmentRegion = English;
			hasScannedForEncodings = 0;
			knownRegions = (
				en,
			);
			mainGroup = 819B5C3F170DEC980079B713;
			productRefGroup = 819B5C49170DEC980079B713 /* Products */;
			projectDirPath = "";
			projectRoot = "";
			targets = (
				819B5C47170DEC980079B713 /* tictactoe */,
			);
		};
/* End PBXProject section */

/* Begin PBXSourcesBuildPhase section */
		819B5C44170DEC980079B713 /* Sources */ = {
			isa = PBXSourcesBuildPhase;
			buildActionMask = 2147483647;
			files = (
				819B5C4C170DEC980079B713 /* main.cpp in Sources */,
			);
			runOnlyForDeploymentPostprocessing = 0;
		};
/* End PBXSourcesBuildPhase section */

/* Begin XCBuildConfiguration section */
		819B5C4F170DEC980079B713 /* Debug */ = {
			isa = XCBuildConfiguration;
			buildSettings = {
				ALWAYS_SEARCH_USER_PATHS = NO;
				ARCHS = "$(ARCHS_STANDARD_64_BIT)";
				CLANG_CXX_LANGUAGE_STANDARD = "gnu++0x";
				CLANG_CXX_LIBRARY = "libc++";
				CLANG_WARN_CONSTANT_CONVERSION = YES;
				CLANG_WARN_EMPTY_BODY = YES;
				CLANG_WARN_ENUM_CONVERSION = YES;
				CLANG_WARN_INT_CONVERSION = YES;
				CLANG_WARN__DUPLICATE_METHOD_MATCH = YES;
				COPY_PHASE_STRIP = NO;
				GCC_C_LANGUAGE_STANDARD = gnu99;
				GCC_DYNAMIC_NO_PIC = NO;
				GCC_ENABLE_OBJC_EXCEPTIONS = YES;
				GCC_OPTIMIZATION_LEVEL = 0;
				GCC_PREPROCESSOR_DEFINITIONS = (
					"DEBUG=1",
					"$(inherited)",
				);
				GCC_SYMBOLS_PRIVATE_EXTERN = NO;
				GCC_WARN_64_TO_32_BIT_CONVERSION = YES;
				GCC_WARN_ABOUT_RETURN_TYPE = YES;
				GCC_WARN_UNINITIALIZED_AUTOS = YES;
				GCC_WARN_UNUSED_VARIABLE = YES;
				MACOSX_DEPLOYMENT_TARGET = 10.8;
				ONLY_ACTIVE_ARCH = YES;
				SDKROOT = macosx;
			};
			name = Debug;
		};
		819B5C50170DEC980079B713 /* Release */ = {
			isa = XCBuildConfiguration;
			buildSettings = {
				ALWAYS_SEARCH_USER_PATHS = NO;
				ARCHS = "$(ARCHS_STANDARD_64_BIT)";
				CLANG_CXX_LANGUAGE_STANDARD = "gnu++0x";
				CLANG_CXX_LIBRARY = "libc++";
				CLANG_WARN_CONSTANT_CONVERSION = YES;
				CLANG_WARN_EMPTY_BODY = YES;
				CLANG_WARN_ENUM_CONVERSION = YES;
				CLANG_WARN_INT_CONVERSION = YES;
				CLANG_WARN__DUPLICATE_METHOD_MATCH = YES;
				COPY_PHASE_STRIP = YES;
				DEBUG_INFORMATION_FORMAT = "dwarf-with-dsym";
				GCC_C_LANGUAGE_STANDARD = gnu99;
				GCC_ENABLE_OBJC_EXCEPTIONS = YES;
				GCC_WARN_64_TO_32_BIT_CONVERSION = YES;
				GCC_WARN_ABOUT_RETURN_TYPE = YES;
				GCC_WARN_UNINITIALIZED_AUTOS = YES;
				GCC_WARN_UNUSED_VARIABLE = YES;
				MACOSX_DEPLOYMENT_TARGET = 10.8;
				SDKROOT = macosx;
			};
			name = Release;
		};
		819B5C52170DEC980079B713 /* Debug */ = {
			isa = XCBuildConfiguration;
			buildSettings = {
				PRODUCT_NAME = "$(TARGET_NAME)";
			};
			name = Debug;
		};
		819B5C53170DEC980079B713 /* Release */ = {
			isa = XCBuildConfiguration;
			buildSettings = {
				PRODUCT_NAME = "$(TARGET_NAME)";
			};
			name = Release;
		};
/* End XCBuildConfiguration section */

/* Begin XCConfigurationList section */
		819B5C43170DEC980079B713 /* Build configuration list for PBXProject "tictactoe" */ = {
			isa = XCConfigurationList;
			buildConfigurations = (
				819B5C4F170DEC980079B713 /* Debug */,
				819B5C50170DEC980079B713 /* Release */,
			);
			defaultConfigurationIsVisible = 0;
			defaultConfigurationName = Release;
		};
		819B5C51170DEC980079B713 /* Build configuration list for PBXNativeTarget "tictactoe" */ = {
			isa = XCConfigurationList;
			buildConfigurations = (
				819B5C52170DEC980079B713 /* Debug */,
				819B5C53170DEC980079B713 /* Release */,
			);
			defaultConfigurationIsVisible = 0;
		};
/* End XCConfigurationList section */
	};
	rootObject = 819B5C40170DEC980079B713 /* Project object */;
}
